PODS:
  - BerbixAdvanced (0.2.1)

DEPENDENCIES:
  - BerbixAdvanced (= 0.2.1)

SPEC REPOS:
  https://github.com/berbix/berbix-ios-spec.git:
    - BerbixAdvanced

SPEC CHECKSUMS:
  BerbixAdvanced: 5da9698efc8c80dfa524378a1ee78cc220e7fa6e

PODFILE CHECKSUM: 24523aa1042e8783e56f2779cb09cfc34a74e46f

COCOAPODS: 1.11.3
