PODS:
  - BerbixAdvanced (0.1.2)

DEPENDENCIES:
  - BerbixAdvanced (~> 0.1.2)

SPEC REPOS:
  https://github.com/berbix/berbix-ios-spec.git:
    - BerbixAdvanced

SPEC CHECKSUMS:
  BerbixAdvanced: 1b913b6281a0ae462a106ec67b960ea8ba77be70

PODFILE CHECKSUM: 49c7801543912bde272246bfa895b6c5caa4358f

COCOAPODS: 1.11.3
